
Microsoft Visual Studio Solution File, Format Version 12.00
# Visual Studio Version 17
VisualStudioVersion = 17.11.35303.130
MinimumVisualStudioVersion = 10.0.40219.1
Project("{FAE04EC0-301F-11D3-BF4B-00C04F79EFBC}") = "ECommerceApp", "ECommerceApp\ECommerceApp.csproj", "{017AD114-58F3-4CA4-848A-8FEA9CE1A0A0}"
EndProject
Project("{FAE04EC0-301F-11D3-BF4B-00C04F79EFBC}") = "ECommerceUnitTest", "ECommerceUnitTest\ECommerceUnitTest.csproj", "{EA7D71D9-514A-4750-8F8A-BB7E2710F43D}"
EndProject
Global
	GlobalSection(SolutionConfigurationPlatforms) = preSolution
		Debug|Any CPU = Debug|Any CPU
		Release|Any CPU = Release|Any CPU
	EndGlobalSection
	GlobalSection(ProjectConfigurationPlatforms) = postSolution
		{017AD114-58F3-4CA4-848A-8FEA9CE1A0A0}.Debug|Any CPU.ActiveCfg = Debug|Any CPU
		{017AD114-58F3-4CA4-848A-8FEA9CE1A0A0}.Debug|Any CPU.Build.0 = Debug|Any CPU
		{017AD114-58F3-4CA4-848A-8FEA9CE1A0A0}.Release|Any CPU.ActiveCfg = Release|Any CPU
		{017AD114-58F3-4CA4-848A-8FEA9CE1A0A0}.Release|Any CPU.Build.0 = Release|Any CPU
		{EA7D71D9-514A-4750-8F8A-BB7E2710F43D}.Debug|Any CPU.ActiveCfg = Debug|Any CPU
		{EA7D71D9-514A-4750-8F8A-BB7E2710F43D}.Debug|Any CPU.Build.0 = Debug|Any CPU
		{EA7D71D9-514A-4750-8F8A-BB7E2710F43D}.Release|Any CPU.ActiveCfg = Release|Any CPU
		{EA7D71D9-514A-4750-8F8A-BB7E2710F43D}.Release|Any CPU.Build.0 = Release|Any CPU
	EndGlobalSection
	GlobalSection(SolutionProperties) = preSolution
		HideSolutionNode = FALSE
	EndGlobalSection
	GlobalSection(ExtensibilityGlobals) = postSolution
		SolutionGuid = {6EA2D89E-F90F-418B-9852-A790F4D2BA9B}
	EndGlobalSection
EndGlobal
